
Microsoft Visual Studio Solution File, Format Version 12.00
# Visual Studio 15
VisualStudioVersion = 15.0.26403.7
MinimumVisualStudioVersion = 10.0.40219.1
Project("{FAE04EC0-301F-11D3-BF4B-00C04F79EFBC}") = "03_DateTime", "DateTimeTest\03_DateTime.csproj", "{95F84054-EC49-475E-B63A-B5E8C6F74DB0}"
EndProject
Project("{8BC9CEB8-8B4A-11D0-8D11-00A0C91BC942}") = "CPlusPlus_00_NULL", "ConsoleApplication1\ConsoleApplication1.vcxproj", "{C5AAC245-5030-408C-AE46-C8FEC89BBFE8}"
EndProject
Project("{FAE04EC0-301F-11D3-BF4B-00C04F79EFBC}") = "02_Miscellaneous", "ConsoleApp1\02_Miscellaneous.csproj", "{31201F74-5ADD-407B-9CC7-8BC2D9463EFD}"
EndProject
Project("{FAE04EC0-301F-11D3-BF4B-00C04F79EFBC}") = "00_Linked​List", "00_Test_Linked​List\00_Linked​List.csproj", "{17B7B432-F707-4A94-A36F-9A6BDE18ED52}"
EndProject
Project("{FAE04EC0-301F-11D3-BF4B-00C04F79EFBC}") = "01_Object_Finalize", "01_Test_Object_Finalize\01_Object_Finalize.csproj", "{58159278-1734-4978-BCD2-8AFC12282F0A}"
EndProject
Project("{FAE04EC0-301F-11D3-BF4B-00C04F79EFBC}") = "04_Nullable", "04_Nullable\04_Nullable.csproj", "{19B5DBA3-020C-4AB0-8DF7-FD10FF6E7A3D}"
EndProject
Project("{FAE04EC0-301F-11D3-BF4B-00C04F79EFBC}") = "05_DoubleQuestionMark", "05_DoubleQuestionMark\05_DoubleQuestionMark.csproj", "{5282D6FF-4AFD-47C4-9F8B-5567EA0A5F82}"
EndProject
Project("{FAE04EC0-301F-11D3-BF4B-00C04F79EFBC}") = "06_Log4net", "06_Log4net\06_Log4net.csproj", "{0819588A-36E4-48E0-A73D-C1FA613BCF02}"
EndProject
Project("{FAE04EC0-301F-11D3-BF4B-00C04F79EFBC}") = "07_Extension_1", "07_Extentions\07_Extension_1.csproj", "{C7280A8B-25C9-4751-95AE-81FB4F61AF78}"
EndProject
Project("{FAE04EC0-301F-11D3-BF4B-00C04F79EFBC}") = "08_OracleDataAccess", "08_OracleDataAccess\08_OracleDataAccess.csproj", "{85F93B83-17BE-495E-97B0-49CF8E2E675D}"
EndProject
Project("{FAE04EC0-301F-11D3-BF4B-00C04F79EFBC}") = "09_Object", "09_Object\09_Object.csproj", "{2D6DC5C9-2FE0-4702-9E75-62238ABFD003}"
EndProject
Project("{FAE04EC0-301F-11D3-BF4B-00C04F79EFBC}") = "07_Extension_2", "10_Extension_2\07_Extension_2.csproj", "{E0EBE74A-FC43-40B1-B930-2BD0B988C3DD}"
EndProject
Project("{FAE04EC0-301F-11D3-BF4B-00C04F79EFBC}") = "04_Nullable_1", "04_Nullable_1\04_Nullable_1.csproj", "{2B97A267-AEA5-48FB-827C-32AF41224DD2}"
EndProject
Project("{FAE04EC0-301F-11D3-BF4B-00C04F79EFBC}") = "10_IDisposable", "10_IDisposable\10_IDisposable.csproj", "{A7A4A18E-FEF0-48B8-9925-FDF3F6A686FB}"
EndProject
Project("{FAE04EC0-301F-11D3-BF4B-00C04F79EFBC}") = "11_GC_Suppress​Finalize", "11_GC_Suppress​Finalize\11_GC_Suppress​Finalize.csproj", "{5AF53369-6D4E-4186-852E-26B379DA7FFC}"
EndProject
Project("{FAE04EC0-301F-11D3-BF4B-00C04F79EFBC}") = "12_GarbageCollection", "12_GarbageCollection\12_GarbageCollection.csproj", "{1122CABF-F075-4C45-9477-0C7C24C8A433}"
EndProject
Project("{FAE04EC0-301F-11D3-BF4B-00C04F79EFBC}") = "11_GC_Re​Register​For​Finalize", "11_GC_Re​Register​For​Finalize\11_GC_Re​Register​For​Finalize.csproj", "{26FCCC59-DA59-498D-AC3F-153D24C7A5F0}"
EndProject
Global
	GlobalSection(SolutionConfigurationPlatforms) = preSolution
		Debug|Any CPU = Debug|Any CPU
		Debug|x64 = Debug|x64
		Debug|x86 = Debug|x86
		Release|Any CPU = Release|Any CPU
		Release|x64 = Release|x64
		Release|x86 = Release|x86
	EndGlobalSection
	GlobalSection(ProjectConfigurationPlatforms) = postSolution
		{95F84054-EC49-475E-B63A-B5E8C6F74DB0}.Debug|Any CPU.ActiveCfg = Debug|Any CPU
		{95F84054-EC49-475E-B63A-B5E8C6F74DB0}.Debug|Any CPU.Build.0 = Debug|Any CPU
		{95F84054-EC49-475E-B63A-B5E8C6F74DB0}.Debug|x64.ActiveCfg = Debug|Any CPU
		{95F84054-EC49-475E-B63A-B5E8C6F74DB0}.Debug|x64.Build.0 = Debug|Any CPU
		{95F84054-EC49-475E-B63A-B5E8C6F74DB0}.Debug|x86.ActiveCfg = Debug|Any CPU
		{95F84054-EC49-475E-B63A-B5E8C6F74DB0}.Debug|x86.Build.0 = Debug|Any CPU
		{95F84054-EC49-475E-B63A-B5E8C6F74DB0}.Release|Any CPU.ActiveCfg = Release|Any CPU
		{95F84054-EC49-475E-B63A-B5E8C6F74DB0}.Release|Any CPU.Build.0 = Release|Any CPU
		{95F84054-EC49-475E-B63A-B5E8C6F74DB0}.Release|x64.ActiveCfg = Release|Any CPU
		{95F84054-EC49-475E-B63A-B5E8C6F74DB0}.Release|x64.Build.0 = Release|Any CPU
		{95F84054-EC49-475E-B63A-B5E8C6F74DB0}.Release|x86.ActiveCfg = Release|Any CPU
		{95F84054-EC49-475E-B63A-B5E8C6F74DB0}.Release|x86.Build.0 = Release|Any CPU
		{C5AAC245-5030-408C-AE46-C8FEC89BBFE8}.Debug|Any CPU.ActiveCfg = Debug|Win32
		{C5AAC245-5030-408C-AE46-C8FEC89BBFE8}.Debug|x64.ActiveCfg = Debug|x64
		{C5AAC245-5030-408C-AE46-C8FEC89BBFE8}.Debug|x64.Build.0 = Debug|x64
		{C5AAC245-5030-408C-AE46-C8FEC89BBFE8}.Debug|x86.ActiveCfg = Debug|Win32
		{C5AAC245-5030-408C-AE46-C8FEC89BBFE8}.Debug|x86.Build.0 = Debug|Win32
		{C5AAC245-5030-408C-AE46-C8FEC89BBFE8}.Release|Any CPU.ActiveCfg = Release|Win32
		{C5AAC245-5030-408C-AE46-C8FEC89BBFE8}.Release|x64.ActiveCfg = Release|x64
		{C5AAC245-5030-408C-AE46-C8FEC89BBFE8}.Release|x64.Build.0 = Release|x64
		{C5AAC245-5030-408C-AE46-C8FEC89BBFE8}.Release|x86.ActiveCfg = Release|Win32
		{C5AAC245-5030-408C-AE46-C8FEC89BBFE8}.Release|x86.Build.0 = Release|Win32
		{31201F74-5ADD-407B-9CC7-8BC2D9463EFD}.Debug|Any CPU.ActiveCfg = Debug|Any CPU
		{31201F74-5ADD-407B-9CC7-8BC2D9463EFD}.Debug|Any CPU.Build.0 = Debug|Any CPU
		{31201F74-5ADD-407B-9CC7-8BC2D9463EFD}.Debug|x64.ActiveCfg = Debug|Any CPU
		{31201F74-5ADD-407B-9CC7-8BC2D9463EFD}.Debug|x64.Build.0 = Debug|Any CPU
		{31201F74-5ADD-407B-9CC7-8BC2D9463EFD}.Debug|x86.ActiveCfg = Debug|Any CPU
		{31201F74-5ADD-407B-9CC7-8BC2D9463EFD}.Debug|x86.Build.0 = Debug|Any CPU
		{31201F74-5ADD-407B-9CC7-8BC2D9463EFD}.Release|Any CPU.ActiveCfg = Release|Any CPU
		{31201F74-5ADD-407B-9CC7-8BC2D9463EFD}.Release|Any CPU.Build.0 = Release|Any CPU
		{31201F74-5ADD-407B-9CC7-8BC2D9463EFD}.Release|x64.ActiveCfg = Release|Any CPU
		{31201F74-5ADD-407B-9CC7-8BC2D9463EFD}.Release|x64.Build.0 = Release|Any CPU
		{31201F74-5ADD-407B-9CC7-8BC2D9463EFD}.Release|x86.ActiveCfg = Release|Any CPU
		{31201F74-5ADD-407B-9CC7-8BC2D9463EFD}.Release|x86.Build.0 = Release|Any CPU
		{17B7B432-F707-4A94-A36F-9A6BDE18ED52}.Debug|Any CPU.ActiveCfg = Debug|Any CPU
		{17B7B432-F707-4A94-A36F-9A6BDE18ED52}.Debug|Any CPU.Build.0 = Debug|Any CPU
		{17B7B432-F707-4A94-A36F-9A6BDE18ED52}.Debug|x64.ActiveCfg = Debug|Any CPU
		{17B7B432-F707-4A94-A36F-9A6BDE18ED52}.Debug|x64.Build.0 = Debug|Any CPU
		{17B7B432-F707-4A94-A36F-9A6BDE18ED52}.Debug|x86.ActiveCfg = Debug|Any CPU
		{17B7B432-F707-4A94-A36F-9A6BDE18ED52}.Debug|x86.Build.0 = Debug|Any CPU
		{17B7B432-F707-4A94-A36F-9A6BDE18ED52}.Release|Any CPU.ActiveCfg = Release|Any CPU
		{17B7B432-F707-4A94-A36F-9A6BDE18ED52}.Release|Any CPU.Build.0 = Release|Any CPU
		{17B7B432-F707-4A94-A36F-9A6BDE18ED52}.Release|x64.ActiveCfg = Release|Any CPU
		{17B7B432-F707-4A94-A36F-9A6BDE18ED52}.Release|x64.Build.0 = Release|Any CPU
		{17B7B432-F707-4A94-A36F-9A6BDE18ED52}.Release|x86.ActiveCfg = Release|Any CPU
		{17B7B432-F707-4A94-A36F-9A6BDE18ED52}.Release|x86.Build.0 = Release|Any CPU
		{58159278-1734-4978-BCD2-8AFC12282F0A}.Debug|Any CPU.ActiveCfg = Debug|Any CPU
		{58159278-1734-4978-BCD2-8AFC12282F0A}.Debug|Any CPU.Build.0 = Debug|Any CPU
		{58159278-1734-4978-BCD2-8AFC12282F0A}.Debug|x64.ActiveCfg = Debug|Any CPU
		{58159278-1734-4978-BCD2-8AFC12282F0A}.Debug|x64.Build.0 = Debug|Any CPU
		{58159278-1734-4978-BCD2-8AFC12282F0A}.Debug|x86.ActiveCfg = Debug|Any CPU
		{58159278-1734-4978-BCD2-8AFC12282F0A}.Debug|x86.Build.0 = Debug|Any CPU
		{58159278-1734-4978-BCD2-8AFC12282F0A}.Release|Any CPU.ActiveCfg = Release|Any CPU
		{58159278-1734-4978-BCD2-8AFC12282F0A}.Release|Any CPU.Build.0 = Release|Any CPU
		{58159278-1734-4978-BCD2-8AFC12282F0A}.Release|x64.ActiveCfg = Release|Any CPU
		{58159278-1734-4978-BCD2-8AFC12282F0A}.Release|x64.Build.0 = Release|Any CPU
		{58159278-1734-4978-BCD2-8AFC12282F0A}.Release|x86.ActiveCfg = Release|Any CPU
		{58159278-1734-4978-BCD2-8AFC12282F0A}.Release|x86.Build.0 = Release|Any CPU
		{19B5DBA3-020C-4AB0-8DF7-FD10FF6E7A3D}.Debug|Any CPU.ActiveCfg = Debug|Any CPU
		{19B5DBA3-020C-4AB0-8DF7-FD10FF6E7A3D}.Debug|Any CPU.Build.0 = Debug|Any CPU
		{19B5DBA3-020C-4AB0-8DF7-FD10FF6E7A3D}.Debug|x64.ActiveCfg = Debug|Any CPU
		{19B5DBA3-020C-4AB0-8DF7-FD10FF6E7A3D}.Debug|x64.Build.0 = Debug|Any CPU
		{19B5DBA3-020C-4AB0-8DF7-FD10FF6E7A3D}.Debug|x86.ActiveCfg = Debug|Any CPU
		{19B5DBA3-020C-4AB0-8DF7-FD10FF6E7A3D}.Debug|x86.Build.0 = Debug|Any CPU
		{19B5DBA3-020C-4AB0-8DF7-FD10FF6E7A3D}.Release|Any CPU.ActiveCfg = Release|Any CPU
		{19B5DBA3-020C-4AB0-8DF7-FD10FF6E7A3D}.Release|Any CPU.Build.0 = Release|Any CPU
		{19B5DBA3-020C-4AB0-8DF7-FD10FF6E7A3D}.Release|x64.ActiveCfg = Release|Any CPU
		{19B5DBA3-020C-4AB0-8DF7-FD10FF6E7A3D}.Release|x64.Build.0 = Release|Any CPU
		{19B5DBA3-020C-4AB0-8DF7-FD10FF6E7A3D}.Release|x86.ActiveCfg = Release|Any CPU
		{19B5DBA3-020C-4AB0-8DF7-FD10FF6E7A3D}.Release|x86.Build.0 = Release|Any CPU
		{5282D6FF-4AFD-47C4-9F8B-5567EA0A5F82}.Debug|Any CPU.ActiveCfg = Debug|Any CPU
		{5282D6FF-4AFD-47C4-9F8B-5567EA0A5F82}.Debug|Any CPU.Build.0 = Debug|Any CPU
		{5282D6FF-4AFD-47C4-9F8B-5567EA0A5F82}.Debug|x64.ActiveCfg = Debug|Any CPU
		{5282D6FF-4AFD-47C4-9F8B-5567EA0A5F82}.Debug|x64.Build.0 = Debug|Any CPU
		{5282D6FF-4AFD-47C4-9F8B-5567EA0A5F82}.Debug|x86.ActiveCfg = Debug|Any CPU
		{5282D6FF-4AFD-47C4-9F8B-5567EA0A5F82}.Debug|x86.Build.0 = Debug|Any CPU
		{5282D6FF-4AFD-47C4-9F8B-5567EA0A5F82}.Release|Any CPU.ActiveCfg = Release|Any CPU
		{5282D6FF-4AFD-47C4-9F8B-5567EA0A5F82}.Release|Any CPU.Build.0 = Release|Any CPU
		{5282D6FF-4AFD-47C4-9F8B-5567EA0A5F82}.Release|x64.ActiveCfg = Release|Any CPU
		{5282D6FF-4AFD-47C4-9F8B-5567EA0A5F82}.Release|x64.Build.0 = Release|Any CPU
		{5282D6FF-4AFD-47C4-9F8B-5567EA0A5F82}.Release|x86.ActiveCfg = Release|Any CPU
		{5282D6FF-4AFD-47C4-9F8B-5567EA0A5F82}.Release|x86.Build.0 = Release|Any CPU
		{0819588A-36E4-48E0-A73D-C1FA613BCF02}.Debug|Any CPU.ActiveCfg = Debug|Any CPU
		{0819588A-36E4-48E0-A73D-C1FA613BCF02}.Debug|Any CPU.Build.0 = Debug|Any CPU
		{0819588A-36E4-48E0-A73D-C1FA613BCF02}.Debug|x64.ActiveCfg = Debug|Any CPU
		{0819588A-36E4-48E0-A73D-C1FA613BCF02}.Debug|x64.Build.0 = Debug|Any CPU
		{0819588A-36E4-48E0-A73D-C1FA613BCF02}.Debug|x86.ActiveCfg = Debug|Any CPU
		{0819588A-36E4-48E0-A73D-C1FA613BCF02}.Debug|x86.Build.0 = Debug|Any CPU
		{0819588A-36E4-48E0-A73D-C1FA613BCF02}.Release|Any CPU.ActiveCfg = Release|Any CPU
		{0819588A-36E4-48E0-A73D-C1FA613BCF02}.Release|Any CPU.Build.0 = Release|Any CPU
		{0819588A-36E4-48E0-A73D-C1FA613BCF02}.Release|x64.ActiveCfg = Release|Any CPU
		{0819588A-36E4-48E0-A73D-C1FA613BCF02}.Release|x64.Build.0 = Release|Any CPU
		{0819588A-36E4-48E0-A73D-C1FA613BCF02}.Release|x86.ActiveCfg = Release|Any CPU
		{0819588A-36E4-48E0-A73D-C1FA613BCF02}.Release|x86.Build.0 = Release|Any CPU
		{C7280A8B-25C9-4751-95AE-81FB4F61AF78}.Debug|Any CPU.ActiveCfg = Debug|Any CPU
		{C7280A8B-25C9-4751-95AE-81FB4F61AF78}.Debug|Any CPU.Build.0 = Debug|Any CPU
		{C7280A8B-25C9-4751-95AE-81FB4F61AF78}.Debug|x64.ActiveCfg = Debug|Any CPU
		{C7280A8B-25C9-4751-95AE-81FB4F61AF78}.Debug|x64.Build.0 = Debug|Any CPU
		{C7280A8B-25C9-4751-95AE-81FB4F61AF78}.Debug|x86.ActiveCfg = Debug|Any CPU
		{C7280A8B-25C9-4751-95AE-81FB4F61AF78}.Debug|x86.Build.0 = Debug|Any CPU
		{C7280A8B-25C9-4751-95AE-81FB4F61AF78}.Release|Any CPU.ActiveCfg = Release|Any CPU
		{C7280A8B-25C9-4751-95AE-81FB4F61AF78}.Release|Any CPU.Build.0 = Release|Any CPU
		{C7280A8B-25C9-4751-95AE-81FB4F61AF78}.Release|x64.ActiveCfg = Release|Any CPU
		{C7280A8B-25C9-4751-95AE-81FB4F61AF78}.Release|x64.Build.0 = Release|Any CPU
		{C7280A8B-25C9-4751-95AE-81FB4F61AF78}.Release|x86.ActiveCfg = Release|Any CPU
		{C7280A8B-25C9-4751-95AE-81FB4F61AF78}.Release|x86.Build.0 = Release|Any CPU
		{85F93B83-17BE-495E-97B0-49CF8E2E675D}.Debug|Any CPU.ActiveCfg = Debug|Any CPU
		{85F93B83-17BE-495E-97B0-49CF8E2E675D}.Debug|Any CPU.Build.0 = Debug|Any CPU
		{85F93B83-17BE-495E-97B0-49CF8E2E675D}.Debug|x64.ActiveCfg = Debug|Any CPU
		{85F93B83-17BE-495E-97B0-49CF8E2E675D}.Debug|x64.Build.0 = Debug|Any CPU
		{85F93B83-17BE-495E-97B0-49CF8E2E675D}.Debug|x86.ActiveCfg = Debug|Any CPU
		{85F93B83-17BE-495E-97B0-49CF8E2E675D}.Debug|x86.Build.0 = Debug|Any CPU
		{85F93B83-17BE-495E-97B0-49CF8E2E675D}.Release|Any CPU.ActiveCfg = Release|Any CPU
		{85F93B83-17BE-495E-97B0-49CF8E2E675D}.Release|Any CPU.Build.0 = Release|Any CPU
		{85F93B83-17BE-495E-97B0-49CF8E2E675D}.Release|x64.ActiveCfg = Release|Any CPU
		{85F93B83-17BE-495E-97B0-49CF8E2E675D}.Release|x64.Build.0 = Release|Any CPU
		{85F93B83-17BE-495E-97B0-49CF8E2E675D}.Release|x86.ActiveCfg = Release|Any CPU
		{85F93B83-17BE-495E-97B0-49CF8E2E675D}.Release|x86.Build.0 = Release|Any CPU
		{2D6DC5C9-2FE0-4702-9E75-62238ABFD003}.Debug|Any CPU.ActiveCfg = Debug|Any CPU
		{2D6DC5C9-2FE0-4702-9E75-62238ABFD003}.Debug|Any CPU.Build.0 = Debug|Any CPU
		{2D6DC5C9-2FE0-4702-9E75-62238ABFD003}.Debug|x64.ActiveCfg = Debug|Any CPU
		{2D6DC5C9-2FE0-4702-9E75-62238ABFD003}.Debug|x64.Build.0 = Debug|Any CPU
		{2D6DC5C9-2FE0-4702-9E75-62238ABFD003}.Debug|x86.ActiveCfg = Debug|Any CPU
		{2D6DC5C9-2FE0-4702-9E75-62238ABFD003}.Debug|x86.Build.0 = Debug|Any CPU
		{2D6DC5C9-2FE0-4702-9E75-62238ABFD003}.Release|Any CPU.ActiveCfg = Release|Any CPU
		{2D6DC5C9-2FE0-4702-9E75-62238ABFD003}.Release|Any CPU.Build.0 = Release|Any CPU
		{2D6DC5C9-2FE0-4702-9E75-62238ABFD003}.Release|x64.ActiveCfg = Release|Any CPU
		{2D6DC5C9-2FE0-4702-9E75-62238ABFD003}.Release|x64.Build.0 = Release|Any CPU
		{2D6DC5C9-2FE0-4702-9E75-62238ABFD003}.Release|x86.ActiveCfg = Release|Any CPU
		{2D6DC5C9-2FE0-4702-9E75-62238ABFD003}.Release|x86.Build.0 = Release|Any CPU
		{E0EBE74A-FC43-40B1-B930-2BD0B988C3DD}.Debug|Any CPU.ActiveCfg = Debug|Any CPU
		{E0EBE74A-FC43-40B1-B930-2BD0B988C3DD}.Debug|Any CPU.Build.0 = Debug|Any CPU
		{E0EBE74A-FC43-40B1-B930-2BD0B988C3DD}.Debug|x64.ActiveCfg = Debug|Any CPU
		{E0EBE74A-FC43-40B1-B930-2BD0B988C3DD}.Debug|x64.Build.0 = Debug|Any CPU
		{E0EBE74A-FC43-40B1-B930-2BD0B988C3DD}.Debug|x86.ActiveCfg = Debug|Any CPU
		{E0EBE74A-FC43-40B1-B930-2BD0B988C3DD}.Debug|x86.Build.0 = Debug|Any CPU
		{E0EBE74A-FC43-40B1-B930-2BD0B988C3DD}.Release|Any CPU.ActiveCfg = Release|Any CPU
		{E0EBE74A-FC43-40B1-B930-2BD0B988C3DD}.Release|Any CPU.Build.0 = Release|Any CPU
		{E0EBE74A-FC43-40B1-B930-2BD0B988C3DD}.Release|x64.ActiveCfg = Release|Any CPU
		{E0EBE74A-FC43-40B1-B930-2BD0B988C3DD}.Release|x64.Build.0 = Release|Any CPU
		{E0EBE74A-FC43-40B1-B930-2BD0B988C3DD}.Release|x86.ActiveCfg = Release|Any CPU
		{E0EBE74A-FC43-40B1-B930-2BD0B988C3DD}.Release|x86.Build.0 = Release|Any CPU
		{2B97A267-AEA5-48FB-827C-32AF41224DD2}.Debug|Any CPU.ActiveCfg = Debug|Any CPU
		{2B97A267-AEA5-48FB-827C-32AF41224DD2}.Debug|Any CPU.Build.0 = Debug|Any CPU
		{2B97A267-AEA5-48FB-827C-32AF41224DD2}.Debug|x64.ActiveCfg = Debug|Any CPU
		{2B97A267-AEA5-48FB-827C-32AF41224DD2}.Debug|x64.Build.0 = Debug|Any CPU
		{2B97A267-AEA5-48FB-827C-32AF41224DD2}.Debug|x86.ActiveCfg = Debug|Any CPU
		{2B97A267-AEA5-48FB-827C-32AF41224DD2}.Debug|x86.Build.0 = Debug|Any CPU
		{2B97A267-AEA5-48FB-827C-32AF41224DD2}.Release|Any CPU.ActiveCfg = Release|Any CPU
		{2B97A267-AEA5-48FB-827C-32AF41224DD2}.Release|Any CPU.Build.0 = Release|Any CPU
		{2B97A267-AEA5-48FB-827C-32AF41224DD2}.Release|x64.ActiveCfg = Release|Any CPU
		{2B97A267-AEA5-48FB-827C-32AF41224DD2}.Release|x64.Build.0 = Release|Any CPU
		{2B97A267-AEA5-48FB-827C-32AF41224DD2}.Release|x86.ActiveCfg = Release|Any CPU
		{2B97A267-AEA5-48FB-827C-32AF41224DD2}.Release|x86.Build.0 = Release|Any CPU
		{A7A4A18E-FEF0-48B8-9925-FDF3F6A686FB}.Debug|Any CPU.ActiveCfg = Debug|Any CPU
		{A7A4A18E-FEF0-48B8-9925-FDF3F6A686FB}.Debug|Any CPU.Build.0 = Debug|Any CPU
		{A7A4A18E-FEF0-48B8-9925-FDF3F6A686FB}.Debug|x64.ActiveCfg = Debug|Any CPU
		{A7A4A18E-FEF0-48B8-9925-FDF3F6A686FB}.Debug|x64.Build.0 = Debug|Any CPU
		{A7A4A18E-FEF0-48B8-9925-FDF3F6A686FB}.Debug|x86.ActiveCfg = Debug|Any CPU
		{A7A4A18E-FEF0-48B8-9925-FDF3F6A686FB}.Debug|x86.Build.0 = Debug|Any CPU
		{A7A4A18E-FEF0-48B8-9925-FDF3F6A686FB}.Release|Any CPU.ActiveCfg = Release|Any CPU
		{A7A4A18E-FEF0-48B8-9925-FDF3F6A686FB}.Release|Any CPU.Build.0 = Release|Any CPU
		{A7A4A18E-FEF0-48B8-9925-FDF3F6A686FB}.Release|x64.ActiveCfg = Release|Any CPU
		{A7A4A18E-FEF0-48B8-9925-FDF3F6A686FB}.Release|x64.Build.0 = Release|Any CPU
		{A7A4A18E-FEF0-48B8-9925-FDF3F6A686FB}.Release|x86.ActiveCfg = Release|Any CPU
		{A7A4A18E-FEF0-48B8-9925-FDF3F6A686FB}.Release|x86.Build.0 = Release|Any CPU
		{5AF53369-6D4E-4186-852E-26B379DA7FFC}.Debug|Any CPU.ActiveCfg = Debug|Any CPU
		{5AF53369-6D4E-4186-852E-26B379DA7FFC}.Debug|Any CPU.Build.0 = Debug|Any CPU
		{5AF53369-6D4E-4186-852E-26B379DA7FFC}.Debug|x64.ActiveCfg = Debug|Any CPU
		{5AF53369-6D4E-4186-852E-26B379DA7FFC}.Debug|x64.Build.0 = Debug|Any CPU
		{5AF53369-6D4E-4186-852E-26B379DA7FFC}.Debug|x86.ActiveCfg = Debug|Any CPU
		{5AF53369-6D4E-4186-852E-26B379DA7FFC}.Debug|x86.Build.0 = Debug|Any CPU
		{5AF53369-6D4E-4186-852E-26B379DA7FFC}.Release|Any CPU.ActiveCfg = Release|Any CPU
		{5AF53369-6D4E-4186-852E-26B379DA7FFC}.Release|Any CPU.Build.0 = Release|Any CPU
		{5AF53369-6D4E-4186-852E-26B379DA7FFC}.Release|x64.ActiveCfg = Release|Any CPU
		{5AF53369-6D4E-4186-852E-26B379DA7FFC}.Release|x64.Build.0 = Release|Any CPU
		{5AF53369-6D4E-4186-852E-26B379DA7FFC}.Release|x86.ActiveCfg = Release|Any CPU
		{5AF53369-6D4E-4186-852E-26B379DA7FFC}.Release|x86.Build.0 = Release|Any CPU
		{1122CABF-F075-4C45-9477-0C7C24C8A433}.Debug|Any CPU.ActiveCfg = Debug|Any CPU
		{1122CABF-F075-4C45-9477-0C7C24C8A433}.Debug|Any CPU.Build.0 = Debug|Any CPU
		{1122CABF-F075-4C45-9477-0C7C24C8A433}.Debug|x64.ActiveCfg = Debug|Any CPU
		{1122CABF-F075-4C45-9477-0C7C24C8A433}.Debug|x64.Build.0 = Debug|Any CPU
		{1122CABF-F075-4C45-9477-0C7C24C8A433}.Debug|x86.ActiveCfg = Debug|Any CPU
		{1122CABF-F075-4C45-9477-0C7C24C8A433}.Debug|x86.Build.0 = Debug|Any CPU
		{1122CABF-F075-4C45-9477-0C7C24C8A433}.Release|Any CPU.ActiveCfg = Release|Any CPU
		{1122CABF-F075-4C45-9477-0C7C24C8A433}.Release|Any CPU.Build.0 = Release|Any CPU
		{1122CABF-F075-4C45-9477-0C7C24C8A433}.Release|x64.ActiveCfg = Release|Any CPU
		{1122CABF-F075-4C45-9477-0C7C24C8A433}.Release|x64.Build.0 = Release|Any CPU
		{1122CABF-F075-4C45-9477-0C7C24C8A433}.Release|x86.ActiveCfg = Release|Any CPU
		{1122CABF-F075-4C45-9477-0C7C24C8A433}.Release|x86.Build.0 = Release|Any CPU
		{26FCCC59-DA59-498D-AC3F-153D24C7A5F0}.Debug|Any CPU.ActiveCfg = Debug|Any CPU
		{26FCCC59-DA59-498D-AC3F-153D24C7A5F0}.Debug|Any CPU.Build.0 = Debug|Any CPU
		{26FCCC59-DA59-498D-AC3F-153D24C7A5F0}.Debug|x64.ActiveCfg = Debug|Any CPU
		{26FCCC59-DA59-498D-AC3F-153D24C7A5F0}.Debug|x64.Build.0 = Debug|Any CPU
		{26FCCC59-DA59-498D-AC3F-153D24C7A5F0}.Debug|x86.ActiveCfg = Debug|Any CPU
		{26FCCC59-DA59-498D-AC3F-153D24C7A5F0}.Debug|x86.Build.0 = Debug|Any CPU
		{26FCCC59-DA59-498D-AC3F-153D24C7A5F0}.Release|Any CPU.ActiveCfg = Release|Any CPU
		{26FCCC59-DA59-498D-AC3F-153D24C7A5F0}.Release|Any CPU.Build.0 = Release|Any CPU
		{26FCCC59-DA59-498D-AC3F-153D24C7A5F0}.Release|x64.ActiveCfg = Release|Any CPU
		{26FCCC59-DA59-498D-AC3F-153D24C7A5F0}.Release|x64.Build.0 = Release|Any CPU
		{26FCCC59-DA59-498D-AC3F-153D24C7A5F0}.Release|x86.ActiveCfg = Release|Any CPU
		{26FCCC59-DA59-498D-AC3F-153D24C7A5F0}.Release|x86.Build.0 = Release|Any CPU
	EndGlobalSection
	GlobalSection(SolutionProperties) = preSolution
		HideSolutionNode = FALSE
	EndGlobalSection
EndGlobal
