
Microsoft Visual Studio Solution File, Format Version 12.00
# Visual Studio 15
VisualStudioVersion = 15.0.26403.7
MinimumVisualStudioVersion = 10.0.40219.1
Project("{FAE04EC0-301F-11D3-BF4B-00C04F79EFBC}") = "03_DateTime", "DateTimeTest\03_DateTime.csproj", "{95F84054-EC49-475E-B63A-B5E8C6F74DB0}"
EndProject
Project("{8BC9CEB8-8B4A-11D0-8D11-00A0C91BC942}") = "CPlusPlus_00_NULL", "ConsoleApplication1\ConsoleApplication1.vcxproj", "{C5AAC245-5030-408C-AE46-C8FEC89BBFE8}"
EndProject
Project("{FAE04EC0-301F-11D3-BF4B-00C04F79EFBC}") = "02_Miscellaneous", "ConsoleApp1\02_Miscellaneous.csproj", "{31201F74-5ADD-407B-9CC7-8BC2D9463EFD}"
EndProject
Project("{FAE04EC0-301F-11D3-BF4B-00C04F79EFBC}") = "00_Linked​List", "00_Test_Linked​List\00_Linked​List.csproj", "{17B7B432-F707-4A94-A36F-9A6BDE18ED52}"
EndProject
Project("{FAE04EC0-301F-11D3-BF4B-00C04F79EFBC}") = "01_Object_Finalize", "01_Test_Object_Finalize\01_Object_Finalize.csproj", "{58159278-1734-4978-BCD2-8AFC12282F0A}"
EndProject
Project("{FAE04EC0-301F-11D3-BF4B-00C04F79EFBC}") = "04_Nullable", "04_Nullable\04_Nullable.csproj", "{19B5DBA3-020C-4AB0-8DF7-FD10FF6E7A3D}"
EndProject
Project("{FAE04EC0-301F-11D3-BF4B-00C04F79EFBC}") = "05_DoubleQuestionMark", "05_DoubleQuestionMark\05_DoubleQuestionMark.csproj", "{5282D6FF-4AFD-47C4-9F8B-5567EA0A5F82}"
EndProject
Global
	GlobalSection(SolutionConfigurationPlatforms) = preSolution
		Debug|Any CPU = Debug|Any CPU
		Debug|x64 = Debug|x64
		Debug|x86 = Debug|x86
		Release|Any CPU = Release|Any CPU
		Release|x64 = Release|x64
		Release|x86 = Release|x86
	EndGlobalSection
	GlobalSection(ProjectConfigurationPlatforms) = postSolution
		{95F84054-EC49-475E-B63A-B5E8C6F74DB0}.Debug|Any CPU.ActiveCfg = Debug|Any CPU
		{95F84054-EC49-475E-B63A-B5E8C6F74DB0}.Debug|Any CPU.Build.0 = Debug|Any CPU
		{95F84054-EC49-475E-B63A-B5E8C6F74DB0}.Debug|x64.ActiveCfg = Debug|Any CPU
		{95F84054-EC49-475E-B63A-B5E8C6F74DB0}.Debug|x64.Build.0 = Debug|Any CPU
		{95F84054-EC49-475E-B63A-B5E8C6F74DB0}.Debug|x86.ActiveCfg = Debug|Any CPU
		{95F84054-EC49-475E-B63A-B5E8C6F74DB0}.Debug|x86.Build.0 = Debug|Any CPU
		{95F84054-EC49-475E-B63A-B5E8C6F74DB0}.Release|Any CPU.ActiveCfg = Release|Any CPU
		{95F84054-EC49-475E-B63A-B5E8C6F74DB0}.Release|Any CPU.Build.0 = Release|Any CPU
		{95F84054-EC49-475E-B63A-B5E8C6F74DB0}.Release|x64.ActiveCfg = Release|Any CPU
		{95F84054-EC49-475E-B63A-B5E8C6F74DB0}.Release|x64.Build.0 = Release|Any CPU
		{95F84054-EC49-475E-B63A-B5E8C6F74DB0}.Release|x86.ActiveCfg = Release|Any CPU
		{95F84054-EC49-475E-B63A-B5E8C6F74DB0}.Release|x86.Build.0 = Release|Any CPU
		{C5AAC245-5030-408C-AE46-C8FEC89BBFE8}.Debug|Any CPU.ActiveCfg = Debug|Win32
		{C5AAC245-5030-408C-AE46-C8FEC89BBFE8}.Debug|x64.ActiveCfg = Debug|x64
		{C5AAC245-5030-408C-AE46-C8FEC89BBFE8}.Debug|x64.Build.0 = Debug|x64
		{C5AAC245-5030-408C-AE46-C8FEC89BBFE8}.Debug|x86.ActiveCfg = Debug|Win32
		{C5AAC245-5030-408C-AE46-C8FEC89BBFE8}.Debug|x86.Build.0 = Debug|Win32
		{C5AAC245-5030-408C-AE46-C8FEC89BBFE8}.Release|Any CPU.ActiveCfg = Release|Win32
		{C5AAC245-5030-408C-AE46-C8FEC89BBFE8}.Release|x64.ActiveCfg = Release|x64
		{C5AAC245-5030-408C-AE46-C8FEC89BBFE8}.Release|x64.Build.0 = Release|x64
		{C5AAC245-5030-408C-AE46-C8FEC89BBFE8}.Release|x86.ActiveCfg = Release|Win32
		{C5AAC245-5030-408C-AE46-C8FEC89BBFE8}.Release|x86.Build.0 = Release|Win32
		{31201F74-5ADD-407B-9CC7-8BC2D9463EFD}.Debug|Any CPU.ActiveCfg = Debug|Any CPU
		{31201F74-5ADD-407B-9CC7-8BC2D9463EFD}.Debug|Any CPU.Build.0 = Debug|Any CPU
		{31201F74-5ADD-407B-9CC7-8BC2D9463EFD}.Debug|x64.ActiveCfg = Debug|Any CPU
		{31201F74-5ADD-407B-9CC7-8BC2D9463EFD}.Debug|x64.Build.0 = Debug|Any CPU
		{31201F74-5ADD-407B-9CC7-8BC2D9463EFD}.Debug|x86.ActiveCfg = Debug|Any CPU
		{31201F74-5ADD-407B-9CC7-8BC2D9463EFD}.Debug|x86.Build.0 = Debug|Any CPU
		{31201F74-5ADD-407B-9CC7-8BC2D9463EFD}.Release|Any CPU.ActiveCfg = Release|Any CPU
		{31201F74-5ADD-407B-9CC7-8BC2D9463EFD}.Release|Any CPU.Build.0 = Release|Any CPU
		{31201F74-5ADD-407B-9CC7-8BC2D9463EFD}.Release|x64.ActiveCfg = Release|Any CPU
		{31201F74-5ADD-407B-9CC7-8BC2D9463EFD}.Release|x64.Build.0 = Release|Any CPU
		{31201F74-5ADD-407B-9CC7-8BC2D9463EFD}.Release|x86.ActiveCfg = Release|Any CPU
		{31201F74-5ADD-407B-9CC7-8BC2D9463EFD}.Release|x86.Build.0 = Release|Any CPU
		{17B7B432-F707-4A94-A36F-9A6BDE18ED52}.Debug|Any CPU.ActiveCfg = Debug|Any CPU
		{17B7B432-F707-4A94-A36F-9A6BDE18ED52}.Debug|Any CPU.Build.0 = Debug|Any CPU
		{17B7B432-F707-4A94-A36F-9A6BDE18ED52}.Debug|x64.ActiveCfg = Debug|Any CPU
		{17B7B432-F707-4A94-A36F-9A6BDE18ED52}.Debug|x64.Build.0 = Debug|Any CPU
		{17B7B432-F707-4A94-A36F-9A6BDE18ED52}.Debug|x86.ActiveCfg = Debug|Any CPU
		{17B7B432-F707-4A94-A36F-9A6BDE18ED52}.Debug|x86.Build.0 = Debug|Any CPU
		{17B7B432-F707-4A94-A36F-9A6BDE18ED52}.Release|Any CPU.ActiveCfg = Release|Any CPU
		{17B7B432-F707-4A94-A36F-9A6BDE18ED52}.Release|Any CPU.Build.0 = Release|Any CPU
		{17B7B432-F707-4A94-A36F-9A6BDE18ED52}.Release|x64.ActiveCfg = Release|Any CPU
		{17B7B432-F707-4A94-A36F-9A6BDE18ED52}.Release|x64.Build.0 = Release|Any CPU
		{17B7B432-F707-4A94-A36F-9A6BDE18ED52}.Release|x86.ActiveCfg = Release|Any CPU
		{17B7B432-F707-4A94-A36F-9A6BDE18ED52}.Release|x86.Build.0 = Release|Any CPU
		{58159278-1734-4978-BCD2-8AFC12282F0A}.Debug|Any CPU.ActiveCfg = Debug|Any CPU
		{58159278-1734-4978-BCD2-8AFC12282F0A}.Debug|Any CPU.Build.0 = Debug|Any CPU
		{58159278-1734-4978-BCD2-8AFC12282F0A}.Debug|x64.ActiveCfg = Debug|Any CPU
		{58159278-1734-4978-BCD2-8AFC12282F0A}.Debug|x64.Build.0 = Debug|Any CPU
		{58159278-1734-4978-BCD2-8AFC12282F0A}.Debug|x86.ActiveCfg = Debug|Any CPU
		{58159278-1734-4978-BCD2-8AFC12282F0A}.Debug|x86.Build.0 = Debug|Any CPU
		{58159278-1734-4978-BCD2-8AFC12282F0A}.Release|Any CPU.ActiveCfg = Release|Any CPU
		{58159278-1734-4978-BCD2-8AFC12282F0A}.Release|Any CPU.Build.0 = Release|Any CPU
		{58159278-1734-4978-BCD2-8AFC12282F0A}.Release|x64.ActiveCfg = Release|Any CPU
		{58159278-1734-4978-BCD2-8AFC12282F0A}.Release|x64.Build.0 = Release|Any CPU
		{58159278-1734-4978-BCD2-8AFC12282F0A}.Release|x86.ActiveCfg = Release|Any CPU
		{58159278-1734-4978-BCD2-8AFC12282F0A}.Release|x86.Build.0 = Release|Any CPU
		{19B5DBA3-020C-4AB0-8DF7-FD10FF6E7A3D}.Debug|Any CPU.ActiveCfg = Debug|Any CPU
		{19B5DBA3-020C-4AB0-8DF7-FD10FF6E7A3D}.Debug|Any CPU.Build.0 = Debug|Any CPU
		{19B5DBA3-020C-4AB0-8DF7-FD10FF6E7A3D}.Debug|x64.ActiveCfg = Debug|Any CPU
		{19B5DBA3-020C-4AB0-8DF7-FD10FF6E7A3D}.Debug|x64.Build.0 = Debug|Any CPU
		{19B5DBA3-020C-4AB0-8DF7-FD10FF6E7A3D}.Debug|x86.ActiveCfg = Debug|Any CPU
		{19B5DBA3-020C-4AB0-8DF7-FD10FF6E7A3D}.Debug|x86.Build.0 = Debug|Any CPU
		{19B5DBA3-020C-4AB0-8DF7-FD10FF6E7A3D}.Release|Any CPU.ActiveCfg = Release|Any CPU
		{19B5DBA3-020C-4AB0-8DF7-FD10FF6E7A3D}.Release|Any CPU.Build.0 = Release|Any CPU
		{19B5DBA3-020C-4AB0-8DF7-FD10FF6E7A3D}.Release|x64.ActiveCfg = Release|Any CPU
		{19B5DBA3-020C-4AB0-8DF7-FD10FF6E7A3D}.Release|x64.Build.0 = Release|Any CPU
		{19B5DBA3-020C-4AB0-8DF7-FD10FF6E7A3D}.Release|x86.ActiveCfg = Release|Any CPU
		{19B5DBA3-020C-4AB0-8DF7-FD10FF6E7A3D}.Release|x86.Build.0 = Release|Any CPU
		{5282D6FF-4AFD-47C4-9F8B-5567EA0A5F82}.Debug|Any CPU.ActiveCfg = Debug|Any CPU
		{5282D6FF-4AFD-47C4-9F8B-5567EA0A5F82}.Debug|Any CPU.Build.0 = Debug|Any CPU
		{5282D6FF-4AFD-47C4-9F8B-5567EA0A5F82}.Debug|x64.ActiveCfg = Debug|Any CPU
		{5282D6FF-4AFD-47C4-9F8B-5567EA0A5F82}.Debug|x64.Build.0 = Debug|Any CPU
		{5282D6FF-4AFD-47C4-9F8B-5567EA0A5F82}.Debug|x86.ActiveCfg = Debug|Any CPU
		{5282D6FF-4AFD-47C4-9F8B-5567EA0A5F82}.Debug|x86.Build.0 = Debug|Any CPU
		{5282D6FF-4AFD-47C4-9F8B-5567EA0A5F82}.Release|Any CPU.ActiveCfg = Release|Any CPU
		{5282D6FF-4AFD-47C4-9F8B-5567EA0A5F82}.Release|Any CPU.Build.0 = Release|Any CPU
		{5282D6FF-4AFD-47C4-9F8B-5567EA0A5F82}.Release|x64.ActiveCfg = Release|Any CPU
		{5282D6FF-4AFD-47C4-9F8B-5567EA0A5F82}.Release|x64.Build.0 = Release|Any CPU
		{5282D6FF-4AFD-47C4-9F8B-5567EA0A5F82}.Release|x86.ActiveCfg = Release|Any CPU
		{5282D6FF-4AFD-47C4-9F8B-5567EA0A5F82}.Release|x86.Build.0 = Release|Any CPU
	EndGlobalSection
	GlobalSection(SolutionProperties) = preSolution
		HideSolutionNode = FALSE
	EndGlobalSection
EndGlobal
